
Microsoft Visual Studio Solution File, Format Version 12.00
# Visual Studio Version 16
VisualStudioVersion = 16.0.30503.244
MinimumVisualStudioVersion = 10.0.40219.1
Project("{FAE04EC0-301F-11D3-BF4B-00C04F79EFBC}") = "SquidexTest", "SquidexTest\SquidexTest.csproj", "{664E46E0-AF83-43E7-839D-2654253FAF75}"
EndProject
Global
	GlobalSection(SolutionConfigurationPlatforms) = preSolution
		Debug|Any CPU = Debug|Any CPU
		Release|Any CPU = Release|Any CPU
	EndGlobalSection
	GlobalSection(ProjectConfigurationPlatforms) = postSolution
		{664E46E0-AF83-43E7-839D-2654253FAF75}.Debug|Any CPU.ActiveCfg = Debug|Any CPU
		{664E46E0-AF83-43E7-839D-2654253FAF75}.Debug|Any CPU.Build.0 = Debug|Any CPU
		{664E46E0-AF83-43E7-839D-2654253FAF75}.Release|Any CPU.ActiveCfg = Release|Any CPU
		{664E46E0-AF83-43E7-839D-2654253FAF75}.Release|Any CPU.Build.0 = Release|Any CPU
	EndGlobalSection
	GlobalSection(SolutionProperties) = preSolution
		HideSolutionNode = FALSE
	EndGlobalSection
	GlobalSection(ExtensibilityGlobals) = postSolution
		SolutionGuid = {F48395D9-09F4-44FE-BA90-3AED0CF1F244}
	EndGlobalSection
EndGlobal
